
Microsoft Visual Studio Solution File, Format Version 12.00
# Visual Studio Version 17
VisualStudioVersion = 17.11.35312.102
MinimumVisualStudioVersion = 10.0.40219.1
Project("{9A19103F-16F7-4668-BE54-9A1E7A4F7556}") = "OrderFlowManagementFrontend", "OrderFlowManagementFrontend.csproj", "{C8DF1D66-EAEB-4FBB-A75C-44170AFDE573}"
EndProject
Global
	GlobalSection(SolutionConfigurationPlatforms) = preSolution
		Debug|Any CPU = Debug|Any CPU
		Release|Any CPU = Release|Any CPU
	EndGlobalSection
	GlobalSection(ProjectConfigurationPlatforms) = postSolution
		{C8DF1D66-EAEB-4FBB-A75C-44170AFDE573}.Debug|Any CPU.ActiveCfg = Debug|Any CPU
		{C8DF1D66-EAEB-4FBB-A75C-44170AFDE573}.Debug|Any CPU.Build.0 = Debug|Any CPU
		{C8DF1D66-EAEB-4FBB-A75C-44170AFDE573}.Release|Any CPU.ActiveCfg = Release|Any CPU
		{C8DF1D66-EAEB-4FBB-A75C-44170AFDE573}.Release|Any CPU.Build.0 = Release|Any CPU
	EndGlobalSection
	GlobalSection(SolutionProperties) = preSolution
		HideSolutionNode = FALSE
	EndGlobalSection
	GlobalSection(ExtensibilityGlobals) = postSolution
		SolutionGuid = {CF15178A-087E-424A-87A0-2B5978ADC2EE}
	EndGlobalSection
EndGlobal
